// !$*UTF8*$!
{
	archiveVersion = 1;
	classes = {
	};
	objectVersion = 77;
	objects = {

/* Begin PBXBuildFile section */
		845A384BA853EE3877DB8CF5 /* Pods_MemoryCollageTests.framework in Frameworks */ = {isa = PBXBuildFile; fileRef = D8073DEF9AEB10C6392DD2B4 /* Pods_MemoryCollageTests.framework */; };
		9E074B4E2D49D8630050C7CF /* .gitignore in Resources */ = {isa = PBXBuildFile; fileRef = 9E074B4D2D49D85B0050C7CF /* .gitignore */; };
		D5DD11B8973072EF391010FE /* Pods_MemoryCollage.framework in Frameworks */ = {isa = PBXBuildFile; fileRef = 94479AE7D7C479B55C59803B /* Pods_MemoryCollage.framework */; };
		F98F9A457BA55081EEFA24E4 /* Pods_MemoryCollage_MemoryCollageUITests.framework in Frameworks */ = {isa = PBXBuildFile; fileRef = 6BA61B70A7F95EACD24C2703 /* Pods_MemoryCollage_MemoryCollageUITests.framework */; };
/* End PBXBuildFile section */

/* Begin PBXContainerItemProxy section */
		9E44B47D2D24D27A00BC887C /* PBXContainerItemProxy */ = {
			isa = PBXContainerItemProxy;
			containerPortal = 9E44B4642D24D27900BC887C /* Project object */;
			proxyType = 1;
			remoteGlobalIDString = 9E44B46B2D24D27900BC887C;
			remoteInfo = MemoryCollage;
		};
		9E44B4872D24D27A00BC887C /* PBXContainerItemProxy */ = {
			isa = PBXContainerItemProxy;
			containerPortal = 9E44B4642D24D27900BC887C /* Project object */;
			proxyType = 1;
			remoteGlobalIDString = 9E44B46B2D24D27900BC887C;
			remoteInfo = MemoryCollage;
		};
/* End PBXContainerItemProxy section */

/* Begin PBXCopyFilesBuildPhase section */
		9ED379DD2D441B760076F2A9 /* Embed Frameworks */ = {
			isa = PBXCopyFilesBuildPhase;
			buildActionMask = 12;
			dstPath = "";
			dstSubfolderSpec = 10;
			files = (
			);
			name = "Embed Frameworks";
			runOnlyForDeploymentPostprocessing = 0;
		};
/* End PBXCopyFilesBuildPhase section */

/* Begin PBXFileReference section */
		1EB0A831F178433D5F70A4DA /* Pods-MemoryCollage-MemoryCollageUITests.debug.xcconfig */ = {isa = PBXFileReference; includeInIndex = 1; lastKnownFileType = text.xcconfig; name = "Pods-MemoryCollage-MemoryCollageUITests.debug.xcconfig"; path = "Target Support Files/Pods-MemoryCollage-MemoryCollageUITests/Pods-MemoryCollage-MemoryCollageUITests.debug.xcconfig"; sourceTree = "<group>"; };
		23986A97CC738697DAB97C03 /* Pods-MemoryCollage.debug.xcconfig */ = {isa = PBXFileReference; includeInIndex = 1; lastKnownFileType = text.xcconfig; name = "Pods-MemoryCollage.debug.xcconfig"; path = "Target Support Files/Pods-MemoryCollage/Pods-MemoryCollage.debug.xcconfig"; sourceTree = "<group>"; };
		5D2A8970024C803139F9B91E /* Pods-MemoryCollageTests.debug.xcconfig */ = {isa = PBXFileReference; includeInIndex = 1; lastKnownFileType = text.xcconfig; name = "Pods-MemoryCollageTests.debug.xcconfig"; path = "Target Support Files/Pods-MemoryCollageTests/Pods-MemoryCollageTests.debug.xcconfig"; sourceTree = "<group>"; };
		62ADB49B834A011343A78C86 /* Pods-MemoryCollage.release.xcconfig */ = {isa = PBXFileReference; includeInIndex = 1; lastKnownFileType = text.xcconfig; name = "Pods-MemoryCollage.release.xcconfig"; path = "Target Support Files/Pods-MemoryCollage/Pods-MemoryCollage.release.xcconfig"; sourceTree = "<group>"; };
		6BA61B70A7F95EACD24C2703 /* Pods_MemoryCollage_MemoryCollageUITests.framework */ = {isa = PBXFileReference; explicitFileType = wrapper.framework; includeInIndex = 0; path = Pods_MemoryCollage_MemoryCollageUITests.framework; sourceTree = BUILT_PRODUCTS_DIR; };
		90772034E43E8FFA298BB61E /* Pods-MemoryCollageTests.release.xcconfig */ = {isa = PBXFileReference; includeInIndex = 1; lastKnownFileType = text.xcconfig; name = "Pods-MemoryCollageTests.release.xcconfig"; path = "Target Support Files/Pods-MemoryCollageTests/Pods-MemoryCollageTests.release.xcconfig"; sourceTree = "<group>"; };
		94479AE7D7C479B55C59803B /* Pods_MemoryCollage.framework */ = {isa = PBXFileReference; explicitFileType = wrapper.framework; includeInIndex = 0; path = Pods_MemoryCollage.framework; sourceTree = BUILT_PRODUCTS_DIR; };
		9E074B4D2D49D85B0050C7CF /* .gitignore */ = {isa = PBXFileReference; lastKnownFileType = text; path = .gitignore; sourceTree = "<group>"; };
		9E44B46C2D24D27900BC887C /* MemoryCollage.app */ = {isa = PBXFileReference; explicitFileType = wrapper.application; includeInIndex = 0; path = MemoryCollage.app; sourceTree = BUILT_PRODUCTS_DIR; };
		9E44B47C2D24D27A00BC887C /* MemoryCollageTests.xctest */ = {isa = PBXFileReference; explicitFileType = wrapper.cfbundle; includeInIndex = 0; path = MemoryCollageTests.xctest; sourceTree = BUILT_PRODUCTS_DIR; };
		9E44B4862D24D27A00BC887C /* MemoryCollageUITests.xctest */ = {isa = PBXFileReference; explicitFileType = wrapper.cfbundle; includeInIndex = 0; path = MemoryCollageUITests.xctest; sourceTree = BUILT_PRODUCTS_DIR; };
		9ED379DA2D441B760076F2A9 /* SwiftVideoGenerator.framework */ = {isa = PBXFileReference; explicitFileType = wrapper.framework; path = SwiftVideoGenerator.framework; sourceTree = BUILT_PRODUCTS_DIR; };
		B8FFA44C3C5A1075CED4D216 /* Pods-MemoryCollage-MemoryCollageUITests.release.xcconfig */ = {isa = PBXFileReference; includeInIndex = 1; lastKnownFileType = text.xcconfig; name = "Pods-MemoryCollage-MemoryCollageUITests.release.xcconfig"; path = "Target Support Files/Pods-MemoryCollage-MemoryCollageUITests/Pods-MemoryCollage-MemoryCollageUITests.release.xcconfig"; sourceTree = "<group>"; };
		D8073DEF9AEB10C6392DD2B4 /* Pods_MemoryCollageTests.framework */ = {isa = PBXFileReference; explicitFileType = wrapper.framework; includeInIndex = 0; path = Pods_MemoryCollageTests.framework; sourceTree = BUILT_PRODUCTS_DIR; };
/* End PBXFileReference section */

/* Begin PBXFileSystemSynchronizedBuildFileExceptionSet section */
		9E44B4F62D28916800BC887C /* Exceptions for "MemoryCollage" folder in "MemoryCollage" target */ = {
			isa = PBXFileSystemSynchronizedBuildFileExceptionSet;
			membershipExceptions = (
				Info.plist,
			);
			target = 9E44B46B2D24D27900BC887C /* MemoryCollage */;
		};
/* End PBXFileSystemSynchronizedBuildFileExceptionSet section */

/* Begin PBXFileSystemSynchronizedRootGroup section */
		9E44B46E2D24D27900BC887C /* MemoryCollage */ = {
			isa = PBXFileSystemSynchronizedRootGroup;
			exceptions = (
				9E44B4F62D28916800BC887C /* Exceptions for "MemoryCollage" folder in "MemoryCollage" target */,
			);
			path = MemoryCollage;
			sourceTree = "<group>";
		};
		9E44B47F2D24D27A00BC887C /* MemoryCollageTests */ = {
			isa = PBXFileSystemSynchronizedRootGroup;
			path = MemoryCollageTests;
			sourceTree = "<group>";
		};
		9E44B4892D24D27A00BC887C /* MemoryCollageUITests */ = {
			isa = PBXFileSystemSynchronizedRootGroup;
			path = MemoryCollageUITests;
			sourceTree = "<group>";
		};
/* End PBXFileSystemSynchronizedRootGroup section */

/* Begin PBXFrameworksBuildPhase section */
		9E44B4692D24D27900BC887C /* Frameworks */ = {
			isa = PBXFrameworksBuildPhase;
			buildActionMask = 2147483647;
			files = (
				D5DD11B8973072EF391010FE /* Pods_MemoryCollage.framework in Frameworks */,
			);
			runOnlyForDeploymentPostprocessing = 0;
		};
		9E44B4792D24D27A00BC887C /* Frameworks */ = {
			isa = PBXFrameworksBuildPhase;
			buildActionMask = 2147483647;
			files = (
				845A384BA853EE3877DB8CF5 /* Pods_MemoryCollageTests.framework in Frameworks */,
			);
			runOnlyForDeploymentPostprocessing = 0;
		};
		9E44B4832D24D27A00BC887C /* Frameworks */ = {
			isa = PBXFrameworksBuildPhase;
			buildActionMask = 2147483647;
			files = (
				F98F9A457BA55081EEFA24E4 /* Pods_MemoryCollage_MemoryCollageUITests.framework in Frameworks */,
			);
			runOnlyForDeploymentPostprocessing = 0;
		};
/* End PBXFrameworksBuildPhase section */

/* Begin PBXGroup section */
		9E44B4632D24D27900BC887C = {
			isa = PBXGroup;
			children = (
				9E074B4D2D49D85B0050C7CF /* .gitignore */,
				9E44B46E2D24D27900BC887C /* MemoryCollage */,
				9E44B47F2D24D27A00BC887C /* MemoryCollageTests */,
				9E44B4892D24D27A00BC887C /* MemoryCollageUITests */,
				9E44B46D2D24D27900BC887C /* Products */,
				A39DA3BA5A672001647E12AD /* Frameworks */,
				AE776EE4B9245DAE75C09C52 /* Pods */,
			);
			sourceTree = "<group>";
		};
		9E44B46D2D24D27900BC887C /* Products */ = {
			isa = PBXGroup;
			children = (
				9E44B46C2D24D27900BC887C /* MemoryCollage.app */,
				9E44B47C2D24D27A00BC887C /* MemoryCollageTests.xctest */,
				9E44B4862D24D27A00BC887C /* MemoryCollageUITests.xctest */,
			);
			name = Products;
			sourceTree = "<group>";
		};
		A39DA3BA5A672001647E12AD /* Frameworks */ = {
			isa = PBXGroup;
			children = (
				9ED379DA2D441B760076F2A9 /* SwiftVideoGenerator.framework */,
				94479AE7D7C479B55C59803B /* Pods_MemoryCollage.framework */,
				6BA61B70A7F95EACD24C2703 /* Pods_MemoryCollage_MemoryCollageUITests.framework */,
				D8073DEF9AEB10C6392DD2B4 /* Pods_MemoryCollageTests.framework */,
			);
			name = Frameworks;
			sourceTree = "<group>";
		};
		AE776EE4B9245DAE75C09C52 /* Pods */ = {
			isa = PBXGroup;
			children = (
				23986A97CC738697DAB97C03 /* Pods-MemoryCollage.debug.xcconfig */,
				62ADB49B834A011343A78C86 /* Pods-MemoryCollage.release.xcconfig */,
				1EB0A831F178433D5F70A4DA /* Pods-MemoryCollage-MemoryCollageUITests.debug.xcconfig */,
				B8FFA44C3C5A1075CED4D216 /* Pods-MemoryCollage-MemoryCollageUITests.release.xcconfig */,
				5D2A8970024C803139F9B91E /* Pods-MemoryCollageTests.debug.xcconfig */,
				90772034E43E8FFA298BB61E /* Pods-MemoryCollageTests.release.xcconfig */,
			);
			path = Pods;
			sourceTree = "<group>";
		};
/* End PBXGroup section */

/* Begin PBXNativeTarget section */
		9E44B46B2D24D27900BC887C /* MemoryCollage */ = {
			isa = PBXNativeTarget;
			buildConfigurationList = 9E44B4902D24D27A00BC887C /* Build configuration list for PBXNativeTarget "MemoryCollage" */;
			buildPhases = (
				86FF5404C27D110899E832C4 /* [CP] Check Pods Manifest.lock */,
				9E44B4682D24D27900BC887C /* Sources */,
				9E44B4692D24D27900BC887C /* Frameworks */,
				9E44B46A2D24D27900BC887C /* Resources */,
				BD44ABD24492E4330A5E7087 /* [CP] Embed Pods Frameworks */,
				9ED379DD2D441B760076F2A9 /* Embed Frameworks */,
			);
			buildRules = (
			);
			dependencies = (
			);
			fileSystemSynchronizedGroups = (
				9E44B46E2D24D27900BC887C /* MemoryCollage */,
			);
			name = MemoryCollage;
			productName = MemoryCollage;
			productReference = 9E44B46C2D24D27900BC887C /* MemoryCollage.app */;
			productType = "com.apple.product-type.application";
		};
		9E44B47B2D24D27A00BC887C /* MemoryCollageTests */ = {
			isa = PBXNativeTarget;
			buildConfigurationList = 9E44B4932D24D27A00BC887C /* Build configuration list for PBXNativeTarget "MemoryCollageTests" */;
			buildPhases = (
				6EC25D5D4714F3B6E42A6815 /* [CP] Check Pods Manifest.lock */,
				9E44B4782D24D27A00BC887C /* Sources */,
				9E44B4792D24D27A00BC887C /* Frameworks */,
				9E44B47A2D24D27A00BC887C /* Resources */,
			);
			buildRules = (
			);
			dependencies = (
				9E44B47E2D24D27A00BC887C /* PBXTargetDependency */,
			);
			fileSystemSynchronizedGroups = (
				9E44B47F2D24D27A00BC887C /* MemoryCollageTests */,
			);
			name = MemoryCollageTests;
			productName = MemoryCollageTests;
			productReference = 9E44B47C2D24D27A00BC887C /* MemoryCollageTests.xctest */;
			productType = "com.apple.product-type.bundle.unit-test";
		};
		9E44B4852D24D27A00BC887C /* MemoryCollageUITests */ = {
			isa = PBXNativeTarget;
			buildConfigurationList = 9E44B4962D24D27A00BC887C /* Build configuration list for PBXNativeTarget "MemoryCollageUITests" */;
			buildPhases = (
				1CAE455CCB572F27A7086F2E /* [CP] Check Pods Manifest.lock */,
				9E44B4822D24D27A00BC887C /* Sources */,
				9E44B4832D24D27A00BC887C /* Frameworks */,
				9E44B4842D24D27A00BC887C /* Resources */,
				0891A8119AECA912880CAA4A /* [CP] Embed Pods Frameworks */,
			);
			buildRules = (
			);
			dependencies = (
				9E44B4882D24D27A00BC887C /* PBXTargetDependency */,
			);
			fileSystemSynchronizedGroups = (
				9E44B4892D24D27A00BC887C /* MemoryCollageUITests */,
			);
			name = MemoryCollageUITests;
			productName = MemoryCollageUITests;
			productReference = 9E44B4862D24D27A00BC887C /* MemoryCollageUITests.xctest */;
			productType = "com.apple.product-type.bundle.ui-testing";
		};
/* End PBXNativeTarget section */

/* Begin PBXProject section */
		9E44B4642D24D27900BC887C /* Project object */ = {
			isa = PBXProject;
			attributes = {
				BuildIndependentTargetsInParallel = 1;
				LastSwiftUpdateCheck = 1620;
				LastUpgradeCheck = 1620;
				TargetAttributes = {
					9E44B46B2D24D27900BC887C = {
						CreatedOnToolsVersion = 16.2;
					};
					9E44B47B2D24D27A00BC887C = {
						CreatedOnToolsVersion = 16.2;
						TestTargetID = 9E44B46B2D24D27900BC887C;
					};
					9E44B4852D24D27A00BC887C = {
						CreatedOnToolsVersion = 16.2;
						TestTargetID = 9E44B46B2D24D27900BC887C;
					};
				};
			};
			buildConfigurationList = 9E44B4672D24D27900BC887C /* Build configuration list for PBXProject "MemoryCollage" */;
			developmentRegion = en;
			hasScannedForEncodings = 0;
			knownRegions = (
				en,
				Base,
			);
			mainGroup = 9E44B4632D24D27900BC887C;
			minimizedProjectReferenceProxies = 1;
			preferredProjectObjectVersion = 77;
			productRefGroup = 9E44B46D2D24D27900BC887C /* Products */;
			projectDirPath = "";
			projectRoot = "";
			targets = (
				9E44B46B2D24D27900BC887C /* MemoryCollage */,
				9E44B47B2D24D27A00BC887C /* MemoryCollageTests */,
				9E44B4852D24D27A00BC887C /* MemoryCollageUITests */,
			);
		};
/* End PBXProject section */

/* Begin PBXResourcesBuildPhase section */
		9E44B46A2D24D27900BC887C /* Resources */ = {
			isa = PBXResourcesBuildPhase;
			buildActionMask = 2147483647;
			files = (
				9E074B4E2D49D8630050C7CF /* .gitignore in Resources */,
			);
			runOnlyForDeploymentPostprocessing = 0;
		};
		9E44B47A2D24D27A00BC887C /* Resources */ = {
			isa = PBXResourcesBuildPhase;
			buildActionMask = 2147483647;
			files = (
			);
			runOnlyForDeploymentPostprocessing = 0;
		};
		9E44B4842D24D27A00BC887C /* Resources */ = {
			isa = PBXResourcesBuildPhase;
			buildActionMask = 2147483647;
			files = (
			);
			runOnlyForDeploymentPostprocessing = 0;
		};
/* End PBXResourcesBuildPhase section */

/* Begin PBXShellScriptBuildPhase section */
		0891A8119AECA912880CAA4A /* [CP] Embed Pods Frameworks */ = {
			isa = PBXShellScriptBuildPhase;
			buildActionMask = 2147483647;
			files = (
			);
			inputFileListPaths = (
				"${PODS_ROOT}/Target Support Files/Pods-MemoryCollage-MemoryCollageUITests/Pods-MemoryCollage-MemoryCollageUITests-frameworks-${CONFIGURATION}-input-files.xcfilelist",
			);
			name = "[CP] Embed Pods Frameworks";
			outputFileListPaths = (
				"${PODS_ROOT}/Target Support Files/Pods-MemoryCollage-MemoryCollageUITests/Pods-MemoryCollage-MemoryCollageUITests-frameworks-${CONFIGURATION}-output-files.xcfilelist",
			);
			runOnlyForDeploymentPostprocessing = 0;
			shellPath = /bin/sh;
			shellScript = "\"${PODS_ROOT}/Target Support Files/Pods-MemoryCollage-MemoryCollageUITests/Pods-MemoryCollage-MemoryCollageUITests-frameworks.sh\"\n";
			showEnvVarsInLog = 0;
		};
		1CAE455CCB572F27A7086F2E /* [CP] Check Pods Manifest.lock */ = {
			isa = PBXShellScriptBuildPhase;
			buildActionMask = 2147483647;
			files = (
			);
			inputFileListPaths = (
			);
			inputPaths = (
				"${PODS_PODFILE_DIR_PATH}/Podfile.lock",
				"${PODS_ROOT}/Manifest.lock",
			);
			name = "[CP] Check Pods Manifest.lock";
			outputFileListPaths = (
			);
			outputPaths = (
				"$(DERIVED_FILE_DIR)/Pods-MemoryCollage-MemoryCollageUITests-checkManifestLockResult.txt",
			);
			runOnlyForDeploymentPostprocessing = 0;
			shellPath = /bin/sh;
			shellScript = "diff \"${PODS_PODFILE_DIR_PATH}/Podfile.lock\" \"${PODS_ROOT}/Manifest.lock\" > /dev/null\nif [ $? != 0 ] ; then\n    # print error to STDERR\n    echo \"error: The sandbox is not in sync with the Podfile.lock. Run 'pod install' or update your CocoaPods installation.\" >&2\n    exit 1\nfi\n# This output is used by Xcode 'outputs' to avoid re-running this script phase.\necho \"SUCCESS\" > \"${SCRIPT_OUTPUT_FILE_0}\"\n";
			showEnvVarsInLog = 0;
		};
		6EC25D5D4714F3B6E42A6815 /* [CP] Check Pods Manifest.lock */ = {
			isa = PBXShellScriptBuildPhase;
			buildActionMask = 2147483647;
			files = (
			);
			inputFileListPaths = (
			);
			inputPaths = (
				"${PODS_PODFILE_DIR_PATH}/Podfile.lock",
				"${PODS_ROOT}/Manifest.lock",
			);
			name = "[CP] Check Pods Manifest.lock";
			outputFileListPaths = (
			);
			outputPaths = (
				"$(DERIVED_FILE_DIR)/Pods-MemoryCollageTests-checkManifestLockResult.txt",
			);
			runOnlyForDeploymentPostprocessing = 0;
			shellPath = /bin/sh;
			shellScript = "diff \"${PODS_PODFILE_DIR_PATH}/Podfile.lock\" \"${PODS_ROOT}/Manifest.lock\" > /dev/null\nif [ $? != 0 ] ; then\n    # print error to STDERR\n    echo \"error: The sandbox is not in sync with the Podfile.lock. Run 'pod install' or update your CocoaPods installation.\" >&2\n    exit 1\nfi\n# This output is used by Xcode 'outputs' to avoid re-running this script phase.\necho \"SUCCESS\" > \"${SCRIPT_OUTPUT_FILE_0}\"\n";
			showEnvVarsInLog = 0;
		};
		86FF5404C27D110899E832C4 /* [CP] Check Pods Manifest.lock */ = {
			isa = PBXShellScriptBuildPhase;
			buildActionMask = 2147483647;
			files = (
			);
			inputFileListPaths = (
			);
			inputPaths = (
				"${PODS_PODFILE_DIR_PATH}/Podfile.lock",
				"${PODS_ROOT}/Manifest.lock",
			);
			name = "[CP] Check Pods Manifest.lock";
			outputFileListPaths = (
			);
			outputPaths = (
				"$(DERIVED_FILE_DIR)/Pods-MemoryCollage-checkManifestLockResult.txt",
			);
			runOnlyForDeploymentPostprocessing = 0;
			shellPath = /bin/sh;
			shellScript = "diff \"${PODS_PODFILE_DIR_PATH}/Podfile.lock\" \"${PODS_ROOT}/Manifest.lock\" > /dev/null\nif [ $? != 0 ] ; then\n    # print error to STDERR\n    echo \"error: The sandbox is not in sync with the Podfile.lock. Run 'pod install' or update your CocoaPods installation.\" >&2\n    exit 1\nfi\n# This output is used by Xcode 'outputs' to avoid re-running this script phase.\necho \"SUCCESS\" > \"${SCRIPT_OUTPUT_FILE_0}\"\n";
			showEnvVarsInLog = 0;
		};
		BD44ABD24492E4330A5E7087 /* [CP] Embed Pods Frameworks */ = {
			isa = PBXShellScriptBuildPhase;
			buildActionMask = 2147483647;
			files = (
			);
			inputFileListPaths = (
				"${PODS_ROOT}/Target Support Files/Pods-MemoryCollage/Pods-MemoryCollage-frameworks-${CONFIGURATION}-input-files.xcfilelist",
			);
			name = "[CP] Embed Pods Frameworks";
			outputFileListPaths = (
				"${PODS_ROOT}/Target Support Files/Pods-MemoryCollage/Pods-MemoryCollage-frameworks-${CONFIGURATION}-output-files.xcfilelist",
			);
			runOnlyForDeploymentPostprocessing = 0;
			shellPath = /bin/sh;
			shellScript = "\"${PODS_ROOT}/Target Support Files/Pods-MemoryCollage/Pods-MemoryCollage-frameworks.sh\"\n";
			showEnvVarsInLog = 0;
		};
/* End PBXShellScriptBuildPhase section */

/* Begin PBXSourcesBuildPhase section */
		9E44B4682D24D27900BC887C /* Sources */ = {
			isa = PBXSourcesBuildPhase;
			buildActionMask = 2147483647;
			files = (
			);
			runOnlyForDeploymentPostprocessing = 0;
		};
		9E44B4782D24D27A00BC887C /* Sources */ = {
			isa = PBXSourcesBuildPhase;
			buildActionMask = 2147483647;
			files = (
			);
			runOnlyForDeploymentPostprocessing = 0;
		};
		9E44B4822D24D27A00BC887C /* Sources */ = {
			isa = PBXSourcesBuildPhase;
			buildActionMask = 2147483647;
			files = (
			);
			runOnlyForDeploymentPostprocessing = 0;
		};
/* End PBXSourcesBuildPhase section */

/* Begin PBXTargetDependency section */
		9E44B47E2D24D27A00BC887C /* PBXTargetDependency */ = {
			isa = PBXTargetDependency;
			target = 9E44B46B2D24D27900BC887C /* MemoryCollage */;
			targetProxy = 9E44B47D2D24D27A00BC887C /* PBXContainerItemProxy */;
		};
		9E44B4882D24D27A00BC887C /* PBXTargetDependency */ = {
			isa = PBXTargetDependency;
			target = 9E44B46B2D24D27900BC887C /* MemoryCollage */;
			targetProxy = 9E44B4872D24D27A00BC887C /* PBXContainerItemProxy */;
		};
/* End PBXTargetDependency section */

/* Begin XCBuildConfiguration section */
		9E44B48E2D24D27A00BC887C /* Debug */ = {
			isa = XCBuildConfiguration;
			buildSettings = {
				ALWAYS_SEARCH_USER_PATHS = NO;
				ASSETCATALOG_COMPILER_GENERATE_SWIFT_ASSET_SYMBOL_EXTENSIONS = YES;
				CLANG_ANALYZER_NONNULL = YES;
				CLANG_ANALYZER_NUMBER_OBJECT_CONVERSION = YES_AGGRESSIVE;
				CLANG_CXX_LANGUAGE_STANDARD = "gnu++20";
				CLANG_ENABLE_MODULES = YES;
				CLANG_ENABLE_OBJC_ARC = YES;
				CLANG_ENABLE_OBJC_WEAK = YES;
				CLANG_WARN_BLOCK_CAPTURE_AUTORELEASING = YES;
				CLANG_WARN_BOOL_CONVERSION = YES;
				CLANG_WARN_COMMA = YES;
				CLANG_WARN_CONSTANT_CONVERSION = YES;
				CLANG_WARN_DEPRECATED_OBJC_IMPLEMENTATIONS = YES;
				CLANG_WARN_DIRECT_OBJC_ISA_USAGE = YES_ERROR;
				CLANG_WARN_DOCUMENTATION_COMMENTS = YES;
				CLANG_WARN_EMPTY_BODY = YES;
				CLANG_WARN_ENUM_CONVERSION = YES;
				CLANG_WARN_INFINITE_RECURSION = YES;
				CLANG_WARN_INT_CONVERSION = YES;
				CLANG_WARN_NON_LITERAL_NULL_CONVERSION = YES;
				CLANG_WARN_OBJC_IMPLICIT_RETAIN_SELF = YES;
				CLANG_WARN_OBJC_LITERAL_CONVERSION = YES;
				CLANG_WARN_OBJC_ROOT_CLASS = YES_ERROR;
				CLANG_WARN_QUOTED_INCLUDE_IN_FRAMEWORK_HEADER = YES;
				CLANG_WARN_RANGE_LOOP_ANALYSIS = YES;
				CLANG_WARN_STRICT_PROTOTYPES = YES;
				CLANG_WARN_SUSPICIOUS_MOVE = YES;
				CLANG_WARN_UNGUARDED_AVAILABILITY = YES_AGGRESSIVE;
				CLANG_WARN_UNREACHABLE_CODE = YES;
				CLANG_WARN__DUPLICATE_METHOD_MATCH = YES;
				COPY_PHASE_STRIP = NO;
				DEBUG_INFORMATION_FORMAT = dwarf;
				ENABLE_STRICT_OBJC_MSGSEND = YES;
				ENABLE_TESTABILITY = YES;
				ENABLE_USER_SCRIPT_SANDBOXING = YES;
				GCC_C_LANGUAGE_STANDARD = gnu17;
				GCC_DYNAMIC_NO_PIC = NO;
				GCC_NO_COMMON_BLOCKS = YES;
				GCC_OPTIMIZATION_LEVEL = 0;
				GCC_PREPROCESSOR_DEFINITIONS = (
					"DEBUG=1",
					"$(inherited)",
				);
				GCC_WARN_64_TO_32_BIT_CONVERSION = YES;
				GCC_WARN_ABOUT_RETURN_TYPE = YES_ERROR;
				GCC_WARN_UNDECLARED_SELECTOR = YES;
				GCC_WARN_UNINITIALIZED_AUTOS = YES_AGGRESSIVE;
				GCC_WARN_UNUSED_FUNCTION = YES;
				GCC_WARN_UNUSED_VARIABLE = YES;
				IPHONEOS_DEPLOYMENT_TARGET = 18.2;
				LOCALIZATION_PREFERS_STRING_CATALOGS = YES;
				MTL_ENABLE_DEBUG_INFO = INCLUDE_SOURCE;
				MTL_FAST_MATH = YES;
				ONLY_ACTIVE_ARCH = YES;
				SDKROOT = iphoneos;
				SWIFT_ACTIVE_COMPILATION_CONDITIONS = "DEBUG $(inherited)";
				SWIFT_OPTIMIZATION_LEVEL = "-Onone";
			};
			name = Debug;
		};
		9E44B48F2D24D27A00BC887C /* Release */ = {
			isa = XCBuildConfiguration;
			buildSettings = {
				ALWAYS_SEARCH_USER_PATHS = NO;
				ASSETCATALOG_COMPILER_GENERATE_SWIFT_ASSET_SYMBOL_EXTENSIONS = YES;
				CLANG_ANALYZER_NONNULL = YES;
				CLANG_ANALYZER_NUMBER_OBJECT_CONVERSION = YES_AGGRESSIVE;
				CLANG_CXX_LANGUAGE_STANDARD = "gnu++20";
				CLANG_ENABLE_MODULES = YES;
				CLANG_ENABLE_OBJC_ARC = YES;
				CLANG_ENABLE_OBJC_WEAK = YES;
				CLANG_WARN_BLOCK_CAPTURE_AUTORELEASING = YES;
				CLANG_WARN_BOOL_CONVERSION = YES;
				CLANG_WARN_COMMA = YES;
				CLANG_WARN_CONSTANT_CONVERSION = YES;
				CLANG_WARN_DEPRECATED_OBJC_IMPLEMENTATIONS = YES;
				CLANG_WARN_DIRECT_OBJC_ISA_USAGE = YES_ERROR;
				CLANG_WARN_DOCUMENTATION_COMMENTS = YES;
				CLANG_WARN_EMPTY_BODY = YES;
				CLANG_WARN_ENUM_CONVERSION = YES;
				CLANG_WARN_INFINITE_RECURSION = YES;
				CLANG_WARN_INT_CONVERSION = YES;
				CLANG_WARN_NON_LITERAL_NULL_CONVERSION = YES;
				CLANG_WARN_OBJC_IMPLICIT_RETAIN_SELF = YES;
				CLANG_WARN_OBJC_LITERAL_CONVERSION = YES;
				CLANG_WARN_OBJC_ROOT_CLASS = YES_ERROR;
				CLANG_WARN_QUOTED_INCLUDE_IN_FRAMEWORK_HEADER = YES;
				CLANG_WARN_RANGE_LOOP_ANALYSIS = YES;
				CLANG_WARN_STRICT_PROTOTYPES = YES;
				CLANG_WARN_SUSPICIOUS_MOVE = YES;
				CLANG_WARN_UNGUARDED_AVAILABILITY = YES_AGGRESSIVE;
				CLANG_WARN_UNREACHABLE_CODE = YES;
				CLANG_WARN__DUPLICATE_METHOD_MATCH = YES;
				COPY_PHASE_STRIP = NO;
				DEBUG_INFORMATION_FORMAT = "dwarf-with-dsym";
				ENABLE_NS_ASSERTIONS = NO;
				ENABLE_STRICT_OBJC_MSGSEND = YES;
				ENABLE_USER_SCRIPT_SANDBOXING = YES;
				GCC_C_LANGUAGE_STANDARD = gnu17;
				GCC_NO_COMMON_BLOCKS = YES;
				GCC_WARN_64_TO_32_BIT_CONVERSION = YES;
				GCC_WARN_ABOUT_RETURN_TYPE = YES_ERROR;
				GCC_WARN_UNDECLARED_SELECTOR = YES;
				GCC_WARN_UNINITIALIZED_AUTOS = YES_AGGRESSIVE;
				GCC_WARN_UNUSED_FUNCTION = YES;
				GCC_WARN_UNUSED_VARIABLE = YES;
				IPHONEOS_DEPLOYMENT_TARGET = 18.2;
				LOCALIZATION_PREFERS_STRING_CATALOGS = YES;
				MTL_ENABLE_DEBUG_INFO = NO;
				MTL_FAST_MATH = YES;
				SDKROOT = iphoneos;
				SWIFT_COMPILATION_MODE = wholemodule;
				VALIDATE_PRODUCT = YES;
			};
			name = Release;
		};
		9E44B4912D24D27A00BC887C /* Debug */ = {
			isa = XCBuildConfiguration;
			baseConfigurationReference = 23986A97CC738697DAB97C03 /* Pods-MemoryCollage.debug.xcconfig */;
			buildSettings = {
				ALWAYS_EMBED_SWIFT_STANDARD_LIBRARIES = NO;
				ASSETCATALOG_COMPILER_APPICON_NAME = AppIcon;
				ASSETCATALOG_COMPILER_GLOBAL_ACCENT_COLOR_NAME = AccentColor;
				CODE_SIGN_STYLE = Automatic;
				CURRENT_PROJECT_VERSION = 1;
				DEVELOPMENT_ASSET_PATHS = "\"MemoryCollage/Preview Content\"";
				DEVELOPMENT_TEAM = C6E94YDVFW;
				ENABLE_PREVIEWS = YES;
				ENABLE_USER_SCRIPT_SANDBOXING = NO;
				FRAMEWORK_SEARCH_PATHS = (
					"$(inherited)",
					"$(PROJECT_DIR)/Pods/OpenCV",
				);
				GENERATE_INFOPLIST_FILE = YES;
				INFOPLIST_FILE = MemoryCollage/Info.plist;
				INFOPLIST_KEY_LSApplicationCategoryType = "public.app-category.photography";
				INFOPLIST_KEY_NSAppleMusicUsageDescription = "This app saves your generated collages and videos to your photo library.";
				INFOPLIST_KEY_NSPhotoLibraryAddUsageDescription = "This app saves your generated collages and videos to your photo library.";
				INFOPLIST_KEY_NSPhotoLibraryUsageDescription = "We need access to your photo library to create collages.";
				INFOPLIST_KEY_UIApplicationSceneManifest_Generation = YES;
				INFOPLIST_KEY_UIApplicationSupportsIndirectInputEvents = YES;
				INFOPLIST_KEY_UILaunchScreen_Generation = YES;
				INFOPLIST_KEY_UISupportedInterfaceOrientations_iPad = "UIInterfaceOrientationPortrait UIInterfaceOrientationPortraitUpsideDown UIInterfaceOrientationLandscapeLeft UIInterfaceOrientationLandscapeRight";
				INFOPLIST_KEY_UISupportedInterfaceOrientations_iPhone = "UIInterfaceOrientationPortrait UIInterfaceOrientationLandscapeLeft UIInterfaceOrientationLandscapeRight";
				IPHONEOS_DEPLOYMENT_TARGET = 15.6;
				LD_RUNPATH_SEARCH_PATHS = (
					"$(inherited)",
					"@executable_path/Frameworks",
				);
				MARKETING_VERSION = 1.0;
				PRODUCT_BUNDLE_IDENTIFIER = com.playingview.mobigaurav.MemoryCollage;
				PRODUCT_NAME = "$(TARGET_NAME)";
				SWIFT_EMIT_LOC_STRINGS = YES;
				SWIFT_VERSION = 5.0;
				TARGETED_DEVICE_FAMILY = "1,2";
				USER_HEADER_SEARCH_PATHS = "";
			};
			name = Debug;
		};
		9E44B4922D24D27A00BC887C /* Release */ = {
			isa = XCBuildConfiguration;
			baseConfigurationReference = 62ADB49B834A011343A78C86 /* Pods-MemoryCollage.release.xcconfig */;
			buildSettings = {
				ALWAYS_EMBED_SWIFT_STANDARD_LIBRARIES = NO;
				ASSETCATALOG_COMPILER_APPICON_NAME = AppIcon;
				ASSETCATALOG_COMPILER_GLOBAL_ACCENT_COLOR_NAME = AccentColor;
				CODE_SIGN_STYLE = Automatic;
				CURRENT_PROJECT_VERSION = 1;
				DEVELOPMENT_ASSET_PATHS = "\"MemoryCollage/Preview Content\"";
				DEVELOPMENT_TEAM = C6E94YDVFW;
				ENABLE_PREVIEWS = YES;
				ENABLE_USER_SCRIPT_SANDBOXING = NO;
				FRAMEWORK_SEARCH_PATHS = (
					"$(inherited)",
					"$(PROJECT_DIR)/Pods/OpenCV",
				);
				GENERATE_INFOPLIST_FILE = YES;
				INFOPLIST_FILE = MemoryCollage/Info.plist;
				INFOPLIST_KEY_LSApplicationCategoryType = "public.app-category.photography";
				INFOPLIST_KEY_NSAppleMusicUsageDescription = "This app saves your generated collages and videos to your photo library.";
				INFOPLIST_KEY_NSPhotoLibraryAddUsageDescription = "This app saves your generated collages and videos to your photo library.";
				INFOPLIST_KEY_NSPhotoLibraryUsageDescription = "We need access to your photo library to create collages.";
				INFOPLIST_KEY_UIApplicationSceneManifest_Generation = YES;
				INFOPLIST_KEY_UIApplicationSupportsIndirectInputEvents = YES;
				INFOPLIST_KEY_UILaunchScreen_Generation = YES;
				INFOPLIST_KEY_UISupportedInterfaceOrientations_iPad = "UIInterfaceOrientationPortrait UIInterfaceOrientationPortraitUpsideDown UIInterfaceOrientationLandscapeLeft UIInterfaceOrientationLandscapeRight";
				INFOPLIST_KEY_UISupportedInterfaceOrientations_iPhone = "UIInterfaceOrientationPortrait UIInterfaceOrientationLandscapeLeft UIInterfaceOrientationLandscapeRight";
				IPHONEOS_DEPLOYMENT_TARGET = 15.6;
				LD_RUNPATH_SEARCH_PATHS = (
					"$(inherited)",
					"@executable_path/Frameworks",
				);
				MARKETING_VERSION = 1.0;
				PRODUCT_BUNDLE_IDENTIFIER = com.playingview.mobigaurav.MemoryCollage;
				PRODUCT_NAME = "$(TARGET_NAME)";
				SWIFT_EMIT_LOC_STRINGS = YES;
				SWIFT_VERSION = 5.0;
				TARGETED_DEVICE_FAMILY = "1,2";
				USER_HEADER_SEARCH_PATHS = "";
			};
			name = Release;
		};
		9E44B4942D24D27A00BC887C /* Debug */ = {
			isa = XCBuildConfiguration;
			baseConfigurationReference = 5D2A8970024C803139F9B91E /* Pods-MemoryCollageTests.debug.xcconfig */;
			buildSettings = {
				BUNDLE_LOADER = "$(TEST_HOST)";
				CODE_SIGN_STYLE = Automatic;
				CURRENT_PROJECT_VERSION = 1;
				DEVELOPMENT_TEAM = C6E94YDVFW;
				GENERATE_INFOPLIST_FILE = YES;
				IPHONEOS_DEPLOYMENT_TARGET = 18.2;
				MARKETING_VERSION = 1.0;
				PRODUCT_BUNDLE_IDENTIFIER = com.playingview.mobigaurav.MemoryCollageTests;
				PRODUCT_NAME = "$(TARGET_NAME)";
				SWIFT_EMIT_LOC_STRINGS = NO;
				SWIFT_VERSION = 5.0;
				TARGETED_DEVICE_FAMILY = "1,2";
				TEST_HOST = "$(BUILT_PRODUCTS_DIR)/MemoryCollage.app/$(BUNDLE_EXECUTABLE_FOLDER_PATH)/MemoryCollage";
			};
			name = Debug;
		};
		9E44B4952D24D27A00BC887C /* Release */ = {
			isa = XCBuildConfiguration;
			baseConfigurationReference = 90772034E43E8FFA298BB61E /* Pods-MemoryCollageTests.release.xcconfig */;
			buildSettings = {
				BUNDLE_LOADER = "$(TEST_HOST)";
				CODE_SIGN_STYLE = Automatic;
				CURRENT_PROJECT_VERSION = 1;
				DEVELOPMENT_TEAM = C6E94YDVFW;
				GENERATE_INFOPLIST_FILE = YES;
				IPHONEOS_DEPLOYMENT_TARGET = 18.2;
				MARKETING_VERSION = 1.0;
				PRODUCT_BUNDLE_IDENTIFIER = com.playingview.mobigaurav.MemoryCollageTests;
				PRODUCT_NAME = "$(TARGET_NAME)";
				SWIFT_EMIT_LOC_STRINGS = NO;
				SWIFT_VERSION = 5.0;
				TARGETED_DEVICE_FAMILY = "1,2";
				TEST_HOST = "$(BUILT_PRODUCTS_DIR)/MemoryCollage.app/$(BUNDLE_EXECUTABLE_FOLDER_PATH)/MemoryCollage";
			};
			name = Release;
		};
		9E44B4972D24D27A00BC887C /* Debug */ = {
			isa = XCBuildConfiguration;
			baseConfigurationReference = 1EB0A831F178433D5F70A4DA /* Pods-MemoryCollage-MemoryCollageUITests.debug.xcconfig */;
			buildSettings = {
				CODE_SIGN_STYLE = Automatic;
				CURRENT_PROJECT_VERSION = 1;
				DEVELOPMENT_TEAM = C6E94YDVFW;
				GENERATE_INFOPLIST_FILE = YES;
				MARKETING_VERSION = 1.0;
				PRODUCT_BUNDLE_IDENTIFIER = com.playingview.mobigaurav.MemoryCollageUITests;
				PRODUCT_NAME = "$(TARGET_NAME)";
				SWIFT_EMIT_LOC_STRINGS = NO;
				SWIFT_VERSION = 5.0;
				TARGETED_DEVICE_FAMILY = "1,2";
				TEST_TARGET_NAME = MemoryCollage;
			};
			name = Debug;
		};
		9E44B4982D24D27A00BC887C /* Release */ = {
			isa = XCBuildConfiguration;
			baseConfigurationReference = B8FFA44C3C5A1075CED4D216 /* Pods-MemoryCollage-MemoryCollageUITests.release.xcconfig */;
			buildSettings = {
				CODE_SIGN_STYLE = Automatic;
				CURRENT_PROJECT_VERSION = 1;
				DEVELOPMENT_TEAM = C6E94YDVFW;
				GENERATE_INFOPLIST_FILE = YES;
				MARKETING_VERSION = 1.0;
				PRODUCT_BUNDLE_IDENTIFIER = com.playingview.mobigaurav.MemoryCollageUITests;
				PRODUCT_NAME = "$(TARGET_NAME)";
				SWIFT_EMIT_LOC_STRINGS = NO;
				SWIFT_VERSION = 5.0;
				TARGETED_DEVICE_FAMILY = "1,2";
				TEST_TARGET_NAME = MemoryCollage;
			};
			name = Release;
		};
/* End XCBuildConfiguration section */

/* Begin XCConfigurationList section */
		9E44B4672D24D27900BC887C /* Build configuration list for PBXProject "MemoryCollage" */ = {
			isa = XCConfigurationList;
			buildConfigurations = (
				9E44B48E2D24D27A00BC887C /* Debug */,
				9E44B48F2D24D27A00BC887C /* Release */,
			);
			defaultConfigurationIsVisible = 0;
			defaultConfigurationName = Release;
		};
		9E44B4902D24D27A00BC887C /* Build configuration list for PBXNativeTarget "MemoryCollage" */ = {
			isa = XCConfigurationList;
			buildConfigurations = (
				9E44B4912D24D27A00BC887C /* Debug */,
				9E44B4922D24D27A00BC887C /* Release */,
			);
			defaultConfigurationIsVisible = 0;
			defaultConfigurationName = Release;
		};
		9E44B4932D24D27A00BC887C /* Build configuration list for PBXNativeTarget "MemoryCollageTests" */ = {
			isa = XCConfigurationList;
			buildConfigurations = (
				9E44B4942D24D27A00BC887C /* Debug */,
				9E44B4952D24D27A00BC887C /* Release */,
			);
			defaultConfigurationIsVisible = 0;
			defaultConfigurationName = Release;
		};
		9E44B4962D24D27A00BC887C /* Build configuration list for PBXNativeTarget "MemoryCollageUITests" */ = {
			isa = XCConfigurationList;
			buildConfigurations = (
				9E44B4972D24D27A00BC887C /* Debug */,
				9E44B4982D24D27A00BC887C /* Release */,
			);
			defaultConfigurationIsVisible = 0;
			defaultConfigurationName = Release;
		};
/* End XCConfigurationList section */
	};
	rootObject = 9E44B4642D24D27900BC887C /* Project object */;
}
